// !$*UTF8*$!
{
	archiveVersion = 1;
	classes = {
	};
	objectVersion = 50;
	objects = {

/* Begin PBXBuildFile section */
		20BEF107252266E1002B8F06 /* main.cpp in Sources */ = {isa = PBXBuildFile; fileRef = 20BEF106252266E1002B8F06 /* main.cpp */; };
		20BEF11625226964002B8F06 /* Hamburger.cpp in Sources */ = {isa = PBXBuildFile; fileRef = 20BEF11425226964002B8F06 /* Hamburger.cpp */; };
		20BEF11C25226AD7002B8F06 /* Ingredient.cpp in Sources */ = {isa = PBXBuildFile; fileRef = 20BEF11A25226AD7002B8F06 /* Ingredient.cpp */; };
		20BEF13B25229FBA002B8F06 /* VegetarianBurgerFactory.cpp in Sources */ = {isa = PBXBuildFile; fileRef = 20BEF13925229FBA002B8F06 /* VegetarianBurgerFactory.cpp */; };
		20BEF13E25229FE7002B8F06 /* BeefBurgerFactory.cpp in Sources */ = {isa = PBXBuildFile; fileRef = 20BEF13C25229FE7002B8F06 /* BeefBurgerFactory.cpp */; };
		20BEF1532523E739002B8F06 /* BeefBurger.cpp in Sources */ = {isa = PBXBuildFile; fileRef = 20BEF1512523E739002B8F06 /* BeefBurger.cpp */; };
		20BEF1562523E748002B8F06 /* VegoBurger.cpp in Sources */ = {isa = PBXBuildFile; fileRef = 20BEF1542523E748002B8F06 /* VegoBurger.cpp */; };
		20BEF1592523EC9C002B8F06 /* IFoodItem.cpp in Sources */ = {isa = PBXBuildFile; fileRef = 20BEF1572523EC9C002B8F06 /* IFoodItem.cpp */; };
		20BEF1752524BC05002B8F06 /* PlainFrenchFries.cpp in Sources */ = {isa = PBXBuildFile; fileRef = 20BEF1732524BC05002B8F06 /* PlainFrenchFries.cpp */; };
		20BEF17B2524BC4D002B8F06 /* FrenchFriesDecorator.cpp in Sources */ = {isa = PBXBuildFile; fileRef = 20BEF1792524BC4D002B8F06 /* FrenchFriesDecorator.cpp */; };
		20BEF17E2524BCA6002B8F06 /* FrenchFriesWithGravy.cpp in Sources */ = {isa = PBXBuildFile; fileRef = 20BEF17C2524BCA6002B8F06 /* FrenchFriesWithGravy.cpp */; };
		20BEF1812524BCB4002B8F06 /* FrenchFriesWithCheese.cpp in Sources */ = {isa = PBXBuildFile; fileRef = 20BEF17F2524BCB3002B8F06 /* FrenchFriesWithCheese.cpp */; };
		20BEF1892524C893002B8F06 /* NutritionFact.cpp in Sources */ = {isa = PBXBuildFile; fileRef = 20BEF1882524C893002B8F06 /* NutritionFact.cpp */; };
		20BEF18C25253588002B8F06 /* Chef.cpp in Sources */ = {isa = PBXBuildFile; fileRef = 20BEF18A25253587002B8F06 /* Chef.cpp */; };
		20BEF1A02528C142002B8F06 /* Shoe.cpp in Sources */ = {isa = PBXBuildFile; fileRef = 20BEF19E2528C142002B8F06 /* Shoe.cpp */; };
		20BEF1A32528C16A002B8F06 /* ShoeAdapter.cpp in Sources */ = {isa = PBXBuildFile; fileRef = 20BEF1A12528C16A002B8F06 /* ShoeAdapter.cpp */; };
		20BEF1B9252A0D8A002B8F06 /* BurgerProgram.cpp in Sources */ = {isa = PBXBuildFile; fileRef = 20BEF1B7252A0D8A002B8F06 /* BurgerProgram.cpp */; };
		20BEF1C2252B0731002B8F06 /* Button.cpp in Sources */ = {isa = PBXBuildFile; fileRef = 20BEF1C0252B0731002B8F06 /* Button.cpp */; };
/* End PBXBuildFile section */

/* Begin PBXCopyFilesBuildPhase section */
		20BEF101252266E1002B8F06 /* CopyFiles */ = {
			isa = PBXCopyFilesBuildPhase;
			buildActionMask = 2147483647;
			dstPath = /usr/share/man/man1/;
			dstSubfolderSpec = 0;
			files = (
			);
			runOnlyForDeploymentPostprocessing = 1;
		};
/* End PBXCopyFilesBuildPhase section */

/* Begin PBXFileReference section */
		20BEF103252266E1002B8F06 /* C++_Design_Pattern_Project */ = {isa = PBXFileReference; explicitFileType = "compiled.mach-o.executable"; includeInIndex = 0; path = "C++_Design_Pattern_Project"; sourceTree = BUILT_PRODUCTS_DIR; };
		20BEF106252266E1002B8F06 /* main.cpp */ = {isa = PBXFileReference; lastKnownFileType = sourcecode.cpp.cpp; path = main.cpp; sourceTree = "<group>"; };
		20BEF1122522692D002B8F06 /* IBurgerFactory.hpp */ = {isa = PBXFileReference; lastKnownFileType = sourcecode.cpp.h; path = IBurgerFactory.hpp; sourceTree = "<group>"; };
		20BEF11425226964002B8F06 /* Hamburger.cpp */ = {isa = PBXFileReference; lastKnownFileType = sourcecode.cpp.cpp; path = Hamburger.cpp; sourceTree = "<group>"; };
		20BEF11525226964002B8F06 /* Hamburger.hpp */ = {isa = PBXFileReference; lastKnownFileType = sourcecode.cpp.h; path = Hamburger.hpp; sourceTree = "<group>"; };
		20BEF11825226A33002B8F06 /* NutritionFact.hpp */ = {isa = PBXFileReference; lastKnownFileType = sourcecode.cpp.h; path = NutritionFact.hpp; sourceTree = "<group>"; };
		20BEF11A25226AD7002B8F06 /* Ingredient.cpp */ = {isa = PBXFileReference; lastKnownFileType = sourcecode.cpp.cpp; path = Ingredient.cpp; sourceTree = "<group>"; };
		20BEF11B25226AD7002B8F06 /* Ingredient.hpp */ = {isa = PBXFileReference; lastKnownFileType = sourcecode.cpp.h; path = Ingredient.hpp; sourceTree = "<group>"; };
		20BEF13925229FBA002B8F06 /* VegetarianBurgerFactory.cpp */ = {isa = PBXFileReference; lastKnownFileType = sourcecode.cpp.cpp; path = VegetarianBurgerFactory.cpp; sourceTree = "<group>"; };
		20BEF13A25229FBA002B8F06 /* VegetarianBurgerFactory.hpp */ = {isa = PBXFileReference; lastKnownFileType = sourcecode.cpp.h; path = VegetarianBurgerFactory.hpp; sourceTree = "<group>"; };
		20BEF13C25229FE7002B8F06 /* BeefBurgerFactory.cpp */ = {isa = PBXFileReference; lastKnownFileType = sourcecode.cpp.cpp; path = BeefBurgerFactory.cpp; sourceTree = "<group>"; };
		20BEF13D25229FE7002B8F06 /* BeefBurgerFactory.hpp */ = {isa = PBXFileReference; lastKnownFileType = sourcecode.cpp.h; path = BeefBurgerFactory.hpp; sourceTree = "<group>"; };
		20BEF1512523E739002B8F06 /* BeefBurger.cpp */ = {isa = PBXFileReference; lastKnownFileType = sourcecode.cpp.cpp; path = BeefBurger.cpp; sourceTree = "<group>"; };
		20BEF1522523E739002B8F06 /* BeefBurger.hpp */ = {isa = PBXFileReference; lastKnownFileType = sourcecode.cpp.h; path = BeefBurger.hpp; sourceTree = "<group>"; };
		20BEF1542523E748002B8F06 /* VegoBurger.cpp */ = {isa = PBXFileReference; lastKnownFileType = sourcecode.cpp.cpp; path = VegoBurger.cpp; sourceTree = "<group>"; };
		20BEF1552523E748002B8F06 /* VegoBurger.hpp */ = {isa = PBXFileReference; lastKnownFileType = sourcecode.cpp.h; path = VegoBurger.hpp; sourceTree = "<group>"; };
		20BEF1572523EC9C002B8F06 /* IFoodItem.cpp */ = {isa = PBXFileReference; lastKnownFileType = sourcecode.cpp.cpp; path = IFoodItem.cpp; sourceTree = "<group>"; };
		20BEF1582523EC9C002B8F06 /* IFoodItem.hpp */ = {isa = PBXFileReference; lastKnownFileType = sourcecode.cpp.h; path = IFoodItem.hpp; sourceTree = "<group>"; };
		20BEF1732524BC05002B8F06 /* PlainFrenchFries.cpp */ = {isa = PBXFileReference; lastKnownFileType = sourcecode.cpp.cpp; path = PlainFrenchFries.cpp; sourceTree = "<group>"; };
		20BEF1742524BC05002B8F06 /* PlainFrenchFries.hpp */ = {isa = PBXFileReference; lastKnownFileType = sourcecode.cpp.h; path = PlainFrenchFries.hpp; sourceTree = "<group>"; };
		20BEF1772524BC1A002B8F06 /* IFrenchFries.hpp */ = {isa = PBXFileReference; lastKnownFileType = sourcecode.cpp.h; path = IFrenchFries.hpp; sourceTree = "<group>"; };
		20BEF1792524BC4D002B8F06 /* FrenchFriesDecorator.cpp */ = {isa = PBXFileReference; lastKnownFileType = sourcecode.cpp.cpp; path = FrenchFriesDecorator.cpp; sourceTree = "<group>"; };
		20BEF17A2524BC4D002B8F06 /* FrenchFriesDecorator.hpp */ = {isa = PBXFileReference; lastKnownFileType = sourcecode.cpp.h; path = FrenchFriesDecorator.hpp; sourceTree = "<group>"; };
		20BEF17C2524BCA6002B8F06 /* FrenchFriesWithGravy.cpp */ = {isa = PBXFileReference; lastKnownFileType = sourcecode.cpp.cpp; path = FrenchFriesWithGravy.cpp; sourceTree = "<group>"; };
		20BEF17D2524BCA6002B8F06 /* FrenchFriesWithGravy.hpp */ = {isa = PBXFileReference; lastKnownFileType = sourcecode.cpp.h; path = FrenchFriesWithGravy.hpp; sourceTree = "<group>"; };
		20BEF17F2524BCB3002B8F06 /* FrenchFriesWithCheese.cpp */ = {isa = PBXFileReference; lastKnownFileType = sourcecode.cpp.cpp; path = FrenchFriesWithCheese.cpp; sourceTree = "<group>"; };
		20BEF1802524BCB3002B8F06 /* FrenchFriesWithCheese.hpp */ = {isa = PBXFileReference; lastKnownFileType = sourcecode.cpp.h; path = FrenchFriesWithCheese.hpp; sourceTree = "<group>"; };
		20BEF1882524C893002B8F06 /* NutritionFact.cpp */ = {isa = PBXFileReference; fileEncoding = 4; lastKnownFileType = sourcecode.cpp.cpp; path = NutritionFact.cpp; sourceTree = "<group>"; };
		20BEF18A25253587002B8F06 /* Chef.cpp */ = {isa = PBXFileReference; lastKnownFileType = sourcecode.cpp.cpp; path = Chef.cpp; sourceTree = "<group>"; };
		20BEF18B25253588002B8F06 /* Chef.hpp */ = {isa = PBXFileReference; lastKnownFileType = sourcecode.cpp.h; path = Chef.hpp; sourceTree = "<group>"; };
		20BEF1942527D1C1002B8F06 /* IObserver.hpp */ = {isa = PBXFileReference; lastKnownFileType = sourcecode.cpp.h; path = IObserver.hpp; sourceTree = "<group>"; };
		20BEF1962527D209002B8F06 /* ISubject.h */ = {isa = PBXFileReference; lastKnownFileType = sourcecode.c.h; path = ISubject.h; sourceTree = "<group>"; };
		20BEF19E2528C142002B8F06 /* Shoe.cpp */ = {isa = PBXFileReference; lastKnownFileType = sourcecode.cpp.cpp; path = Shoe.cpp; sourceTree = "<group>"; };
		20BEF19F2528C142002B8F06 /* Shoe.hpp */ = {isa = PBXFileReference; lastKnownFileType = sourcecode.cpp.h; path = Shoe.hpp; sourceTree = "<group>"; };
		20BEF1A12528C16A002B8F06 /* ShoeAdapter.cpp */ = {isa = PBXFileReference; lastKnownFileType = sourcecode.cpp.cpp; path = ShoeAdapter.cpp; sourceTree = "<group>"; };
		20BEF1A22528C16A002B8F06 /* ShoeAdapter.hpp */ = {isa = PBXFileReference; lastKnownFileType = sourcecode.cpp.h; path = ShoeAdapter.hpp; sourceTree = "<group>"; };
		20BEF1B7252A0D8A002B8F06 /* BurgerProgram.cpp */ = {isa = PBXFileReference; lastKnownFileType = sourcecode.cpp.cpp; path = BurgerProgram.cpp; sourceTree = "<group>"; };
		20BEF1B8252A0D8A002B8F06 /* BurgerProgram.hpp */ = {isa = PBXFileReference; lastKnownFileType = sourcecode.cpp.h; path = BurgerProgram.hpp; sourceTree = "<group>"; };
		20BEF1C0252B0731002B8F06 /* Button.cpp */ = {isa = PBXFileReference; lastKnownFileType = sourcecode.cpp.cpp; path = Button.cpp; sourceTree = "<group>"; };
		20BEF1C1252B0731002B8F06 /* Button.hpp */ = {isa = PBXFileReference; lastKnownFileType = sourcecode.cpp.h; path = Button.hpp; sourceTree = "<group>"; };
/* End PBXFileReference section */

/* Begin PBXFrameworksBuildPhase section */
		20BEF100252266E1002B8F06 /* Frameworks */ = {
			isa = PBXFrameworksBuildPhase;
			buildActionMask = 2147483647;
			files = (
			);
			runOnlyForDeploymentPostprocessing = 0;
		};
/* End PBXFrameworksBuildPhase section */

/* Begin PBXGroup section */
		20BEF0FA252266E0002B8F06 = {
			isa = PBXGroup;
			children = (
				20BEF105252266E1002B8F06 /* C++_Design_Pattern_Project */,
				20BEF104252266E1002B8F06 /* Products */,
			);
			sourceTree = "<group>";
		};
		20BEF104252266E1002B8F06 /* Products */ = {
			isa = PBXGroup;
			children = (
				20BEF103252266E1002B8F06 /* C++_Design_Pattern_Project */,
			);
			name = Products;
			sourceTree = "<group>";
		};
		20BEF105252266E1002B8F06 /* C++_Design_Pattern_Project */ = {
			isa = PBXGroup;
			children = (
				20BEF19D2528C120002B8F06 /* Adapter */,
				20BEF10D25226709002B8F06 /* Abstract Factory Pattern */,
				20BEF1692524B2D8002B8F06 /* Decorator Pattern */,
				20BEF18F252779CD002B8F06 /* Observer Pattern */,
				20BEF106252266E1002B8F06 /* main.cpp */,
				20BEF1B7252A0D8A002B8F06 /* BurgerProgram.cpp */,
				20BEF1B8252A0D8A002B8F06 /* BurgerProgram.hpp */,
				20BEF1572523EC9C002B8F06 /* IFoodItem.cpp */,
				20BEF1582523EC9C002B8F06 /* IFoodItem.hpp */,
			);
			path = "C++_Design_Pattern_Project";
			sourceTree = "<group>";
		};
		20BEF10D25226709002B8F06 /* Abstract Factory Pattern */ = {
			isa = PBXGroup;
			children = (
				20BEF1122522692D002B8F06 /* IBurgerFactory.hpp */,
				20BEF13C25229FE7002B8F06 /* BeefBurgerFactory.cpp */,
				20BEF13D25229FE7002B8F06 /* BeefBurgerFactory.hpp */,
				20BEF13925229FBA002B8F06 /* VegetarianBurgerFactory.cpp */,
				20BEF13A25229FBA002B8F06 /* VegetarianBurgerFactory.hpp */,
				20BEF11425226964002B8F06 /* Hamburger.cpp */,
				20BEF11525226964002B8F06 /* Hamburger.hpp */,
				20BEF1512523E739002B8F06 /* BeefBurger.cpp */,
				20BEF1522523E739002B8F06 /* BeefBurger.hpp */,
				20BEF1542523E748002B8F06 /* VegoBurger.cpp */,
				20BEF1552523E748002B8F06 /* VegoBurger.hpp */,
				20BEF11A25226AD7002B8F06 /* Ingredient.cpp */,
				20BEF11B25226AD7002B8F06 /* Ingredient.hpp */,
				20BEF1882524C893002B8F06 /* NutritionFact.cpp */,
				20BEF11825226A33002B8F06 /* NutritionFact.hpp */,
			);
			path = "Abstract Factory Pattern";
			sourceTree = "<group>";
		};
		20BEF1692524B2D8002B8F06 /* Decorator Pattern */ = {
			isa = PBXGroup;
			children = (
				20BEF1772524BC1A002B8F06 /* IFrenchFries.hpp */,
				20BEF1732524BC05002B8F06 /* PlainFrenchFries.cpp */,
				20BEF1742524BC05002B8F06 /* PlainFrenchFries.hpp */,
				20BEF1792524BC4D002B8F06 /* FrenchFriesDecorator.cpp */,
				20BEF17A2524BC4D002B8F06 /* FrenchFriesDecorator.hpp */,
				20BEF17C2524BCA6002B8F06 /* FrenchFriesWithGravy.cpp */,
				20BEF17D2524BCA6002B8F06 /* FrenchFriesWithGravy.hpp */,
				20BEF17F2524BCB3002B8F06 /* FrenchFriesWithCheese.cpp */,
				20BEF1802524BCB3002B8F06 /* FrenchFriesWithCheese.hpp */,
			);
			path = "Decorator Pattern";
			sourceTree = "<group>";
		};
		20BEF18F252779CD002B8F06 /* Observer Pattern */ = {
			isa = PBXGroup;
			children = (
				20BEF1962527D209002B8F06 /* ISubject.h */,
				20BEF1942527D1C1002B8F06 /* IObserver.hpp */,
				20BEF18A25253587002B8F06 /* Chef.cpp */,
				20BEF18B25253588002B8F06 /* Chef.hpp */,
				20BEF1C0252B0731002B8F06 /* Button.cpp */,
				20BEF1C1252B0731002B8F06 /* Button.hpp */,
			);
			path = "Observer Pattern";
			sourceTree = "<group>";
		};
		20BEF19D2528C120002B8F06 /* Adapter */ = {
			isa = PBXGroup;
			children = (
				20BEF19E2528C142002B8F06 /* Shoe.cpp */,
				20BEF19F2528C142002B8F06 /* Shoe.hpp */,
				20BEF1A12528C16A002B8F06 /* ShoeAdapter.cpp */,
				20BEF1A22528C16A002B8F06 /* ShoeAdapter.hpp */,
			);
			path = Adapter;
			sourceTree = "<group>";
		};
/* End PBXGroup section */

/* Begin PBXNativeTarget section */
		20BEF102252266E1002B8F06 /* C++_Design_Pattern_Project */ = {
			isa = PBXNativeTarget;
			buildConfigurationList = 20BEF10A252266E1002B8F06 /* Build configuration list for PBXNativeTarget "C++_Design_Pattern_Project" */;
			buildPhases = (
				20BEF0FF252266E1002B8F06 /* Sources */,
				20BEF100252266E1002B8F06 /* Frameworks */,
				20BEF101252266E1002B8F06 /* CopyFiles */,
			);
			buildRules = (
			);
			dependencies = (
			);
			name = "C++_Design_Pattern_Project";
			productName = "C++_Design_Pattern_Project";
			productReference = 20BEF103252266E1002B8F06 /* C++_Design_Pattern_Project */;
			productType = "com.apple.product-type.tool";
		};
/* End PBXNativeTarget section */

/* Begin PBXProject section */
		20BEF0FB252266E0002B8F06 /* Project object */ = {
			isa = PBXProject;
			attributes = {
				LastUpgradeCheck = 1170;
				ORGANIZATIONNAME = "Henrik Jangefelt Nilsson";
				TargetAttributes = {
					20BEF102252266E1002B8F06 = {
						CreatedOnToolsVersion = 11.7;
					};
				};
			};
			buildConfigurationList = 20BEF0FE252266E0002B8F06 /* Build configuration list for PBXProject "C++_Design_Pattern_Project" */;
			compatibilityVersion = "Xcode 9.3";
			developmentRegion = en;
			hasScannedForEncodings = 0;
			knownRegions = (
				en,
				Base,
			);
			mainGroup = 20BEF0FA252266E0002B8F06;
			productRefGroup = 20BEF104252266E1002B8F06 /* Products */;
			projectDirPath = "";
			projectRoot = "";
			targets = (
				20BEF102252266E1002B8F06 /* C++_Design_Pattern_Project */,
			);
		};
/* End PBXProject section */

/* Begin PBXSourcesBuildPhase section */
		20BEF0FF252266E1002B8F06 /* Sources */ = {
			isa = PBXSourcesBuildPhase;
			buildActionMask = 2147483647;
			files = (
				20BEF1B9252A0D8A002B8F06 /* BurgerProgram.cpp in Sources */,
				20BEF1752524BC05002B8F06 /* PlainFrenchFries.cpp in Sources */,
				20BEF13B25229FBA002B8F06 /* VegetarianBurgerFactory.cpp in Sources */,
				20BEF18C25253588002B8F06 /* Chef.cpp in Sources */,
				20BEF1562523E748002B8F06 /* VegoBurger.cpp in Sources */,
				20BEF17B2524BC4D002B8F06 /* FrenchFriesDecorator.cpp in Sources */,
				20BEF107252266E1002B8F06 /* main.cpp in Sources */,
				20BEF1A32528C16A002B8F06 /* ShoeAdapter.cpp in Sources */,
				20BEF13E25229FE7002B8F06 /* BeefBurgerFactory.cpp in Sources */,
				20BEF1592523EC9C002B8F06 /* IFoodItem.cpp in Sources */,
				20BEF1812524BCB4002B8F06 /* FrenchFriesWithCheese.cpp in Sources */,
				20BEF17E2524BCA6002B8F06 /* FrenchFriesWithGravy.cpp in Sources */,
				20BEF11C25226AD7002B8F06 /* Ingredient.cpp in Sources */,
				20BEF1892524C893002B8F06 /* NutritionFact.cpp in Sources */,
				20BEF11625226964002B8F06 /* Hamburger.cpp in Sources */,
				20BEF1A02528C142002B8F06 /* Shoe.cpp in Sources */,
				20BEF1532523E739002B8F06 /* BeefBurger.cpp in Sources */,
				20BEF1C2252B0731002B8F06 /* Button.cpp in Sources */,
			);
			runOnlyForDeploymentPostprocessing = 0;
		};
/* End PBXSourcesBuildPhase section */

/* Begin XCBuildConfiguration section */
		20BEF108252266E1002B8F06 /* Debug */ = {
			isa = XCBuildConfiguration;
			buildSettings = {
				ALWAYS_SEARCH_USER_PATHS = NO;
				CLANG_ANALYZER_NONNULL = YES;
				CLANG_ANALYZER_NUMBER_OBJECT_CONVERSION = YES_AGGRESSIVE;
				CLANG_CXX_LANGUAGE_STANDARD = "gnu++14";
				CLANG_CXX_LIBRARY = "libc++";
				CLANG_ENABLE_MODULES = YES;
				CLANG_ENABLE_OBJC_ARC = YES;
				CLANG_ENABLE_OBJC_WEAK = YES;
				CLANG_WARN_BLOCK_CAPTURE_AUTORELEASING = YES;
				CLANG_WARN_BOOL_CONVERSION = YES;
				CLANG_WARN_COMMA = YES;
				CLANG_WARN_CONSTANT_CONVERSION = YES;
				CLANG_WARN_DEPRECATED_OBJC_IMPLEMENTATIONS = YES;
				CLANG_WARN_DIRECT_OBJC_ISA_USAGE = YES_ERROR;
				CLANG_WARN_DOCUMENTATION_COMMENTS = YES;
				CLANG_WARN_EMPTY_BODY = YES;
				CLANG_WARN_ENUM_CONVERSION = YES;
				CLANG_WARN_INFINITE_RECURSION = YES;
				CLANG_WARN_INT_CONVERSION = YES;
				CLANG_WARN_NON_LITERAL_NULL_CONVERSION = YES;
				CLANG_WARN_OBJC_IMPLICIT_RETAIN_SELF = YES;
				CLANG_WARN_OBJC_LITERAL_CONVERSION = YES;
				CLANG_WARN_OBJC_ROOT_CLASS = YES_ERROR;
				CLANG_WARN_RANGE_LOOP_ANALYSIS = YES;
				CLANG_WARN_STRICT_PROTOTYPES = YES;
				CLANG_WARN_SUSPICIOUS_MOVE = YES;
				CLANG_WARN_UNGUARDED_AVAILABILITY = YES_AGGRESSIVE;
				CLANG_WARN_UNREACHABLE_CODE = YES;
				CLANG_WARN__DUPLICATE_METHOD_MATCH = YES;
				COPY_PHASE_STRIP = NO;
				DEBUG_INFORMATION_FORMAT = dwarf;
				ENABLE_STRICT_OBJC_MSGSEND = YES;
				ENABLE_TESTABILITY = YES;
				GCC_C_LANGUAGE_STANDARD = gnu11;
				GCC_DYNAMIC_NO_PIC = NO;
				GCC_NO_COMMON_BLOCKS = YES;
				GCC_OPTIMIZATION_LEVEL = 0;
				GCC_PREPROCESSOR_DEFINITIONS = (
					"DEBUG=1",
					"$(inherited)",
				);
				GCC_WARN_64_TO_32_BIT_CONVERSION = YES;
				GCC_WARN_ABOUT_RETURN_TYPE = YES_ERROR;
				GCC_WARN_UNDECLARED_SELECTOR = YES;
				GCC_WARN_UNINITIALIZED_AUTOS = YES_AGGRESSIVE;
				GCC_WARN_UNUSED_FUNCTION = YES;
				GCC_WARN_UNUSED_VARIABLE = YES;
				MACOSX_DEPLOYMENT_TARGET = 10.15;
				MTL_ENABLE_DEBUG_INFO = INCLUDE_SOURCE;
				MTL_FAST_MATH = YES;
				ONLY_ACTIVE_ARCH = YES;
				SDKROOT = macosx;
			};
			name = Debug;
		};
		20BEF109252266E1002B8F06 /* Release */ = {
			isa = XCBuildConfiguration;
			buildSettings = {
				ALWAYS_SEARCH_USER_PATHS = NO;
				CLANG_ANALYZER_NONNULL = YES;
				CLANG_ANALYZER_NUMBER_OBJECT_CONVERSION = YES_AGGRESSIVE;
				CLANG_CXX_LANGUAGE_STANDARD = "gnu++14";
				CLANG_CXX_LIBRARY = "libc++";
				CLANG_ENABLE_MODULES = YES;
				CLANG_ENABLE_OBJC_ARC = YES;
				CLANG_ENABLE_OBJC_WEAK = YES;
				CLANG_WARN_BLOCK_CAPTURE_AUTORELEASING = YES;
				CLANG_WARN_BOOL_CONVERSION = YES;
				CLANG_WARN_COMMA = YES;
				CLANG_WARN_CONSTANT_CONVERSION = YES;
				CLANG_WARN_DEPRECATED_OBJC_IMPLEMENTATIONS = YES;
				CLANG_WARN_DIRECT_OBJC_ISA_USAGE = YES_ERROR;
				CLANG_WARN_DOCUMENTATION_COMMENTS = YES;
				CLANG_WARN_EMPTY_BODY = YES;
				CLANG_WARN_ENUM_CONVERSION = YES;
				CLANG_WARN_INFINITE_RECURSION = YES;
				CLANG_WARN_INT_CONVERSION = YES;
				CLANG_WARN_NON_LITERAL_NULL_CONVERSION = YES;
				CLANG_WARN_OBJC_IMPLICIT_RETAIN_SELF = YES;
				CLANG_WARN_OBJC_LITERAL_CONVERSION = YES;
				CLANG_WARN_OBJC_ROOT_CLASS = YES_ERROR;
				CLANG_WARN_RANGE_LOOP_ANALYSIS = YES;
				CLANG_WARN_STRICT_PROTOTYPES = YES;
				CLANG_WARN_SUSPICIOUS_MOVE = YES;
				CLANG_WARN_UNGUARDED_AVAILABILITY = YES_AGGRESSIVE;
				CLANG_WARN_UNREACHABLE_CODE = YES;
				CLANG_WARN__DUPLICATE_METHOD_MATCH = YES;
				COPY_PHASE_STRIP = NO;
				DEBUG_INFORMATION_FORMAT = "dwarf-with-dsym";
				ENABLE_NS_ASSERTIONS = NO;
				ENABLE_STRICT_OBJC_MSGSEND = YES;
				GCC_C_LANGUAGE_STANDARD = gnu11;
				GCC_NO_COMMON_BLOCKS = YES;
				GCC_WARN_64_TO_32_BIT_CONVERSION = YES;
				GCC_WARN_ABOUT_RETURN_TYPE = YES_ERROR;
				GCC_WARN_UNDECLARED_SELECTOR = YES;
				GCC_WARN_UNINITIALIZED_AUTOS = YES_AGGRESSIVE;
				GCC_WARN_UNUSED_FUNCTION = YES;
				GCC_WARN_UNUSED_VARIABLE = YES;
				MACOSX_DEPLOYMENT_TARGET = 10.15;
				MTL_ENABLE_DEBUG_INFO = NO;
				MTL_FAST_MATH = YES;
				SDKROOT = macosx;
			};
			name = Release;
		};
		20BEF10B252266E1002B8F06 /* Debug */ = {
			isa = XCBuildConfiguration;
			buildSettings = {
				CLANG_CXX_LANGUAGE_STANDARD = "gnu++17";
				CODE_SIGN_STYLE = Automatic;
				DEVELOPMENT_TEAM = "";
				ENABLE_HARDENED_RUNTIME = YES;
				PRODUCT_NAME = "$(TARGET_NAME)";
			};
			name = Debug;
		};
		20BEF10C252266E1002B8F06 /* Release */ = {
			isa = XCBuildConfiguration;
			buildSettings = {
				CLANG_CXX_LANGUAGE_STANDARD = "gnu++17";
				CODE_SIGN_STYLE = Automatic;
				DEVELOPMENT_TEAM = B2X526Z7Y9;
				ENABLE_HARDENED_RUNTIME = YES;
				PRODUCT_NAME = "$(TARGET_NAME)";
			};
			name = Release;
		};
/* End XCBuildConfiguration section */

/* Begin XCConfigurationList section */
		20BEF0FE252266E0002B8F06 /* Build configuration list for PBXProject "C++_Design_Pattern_Project" */ = {
			isa = XCConfigurationList;
			buildConfigurations = (
				20BEF108252266E1002B8F06 /* Debug */,
				20BEF109252266E1002B8F06 /* Release */,
			);
			defaultConfigurationIsVisible = 0;
			defaultConfigurationName = Release;
		};
		20BEF10A252266E1002B8F06 /* Build configuration list for PBXNativeTarget "C++_Design_Pattern_Project" */ = {
			isa = XCConfigurationList;
			buildConfigurations = (
				20BEF10B252266E1002B8F06 /* Debug */,
				20BEF10C252266E1002B8F06 /* Release */,
			);
			defaultConfigurationIsVisible = 0;
			defaultConfigurationName = Release;
		};
/* End XCConfigurationList section */
	};
	rootObject = 20BEF0FB252266E0002B8F06 /* Project object */;
}
